
Microsoft Visual Studio Solution File, Format Version 12.00
Project("{FAE04EC0-301F-11D3-BF4B-00C04F79EFBC}") = "IdentityService.Api", "IdentityService.Api\IdentityService.Api.csproj", "{C392E625-8FCA-497C-9800-FAE660184EFC}"
EndProject
Project("{FAE04EC0-301F-11D3-BF4B-00C04F79EFBC}") = "IdentityService.Domain", "IdentityService.Domain\IdentityService.Domain.csproj", "{B84A8391-8BBD-478C-9832-CC5E02B512FD}"
EndProject
Project("{FAE04EC0-301F-11D3-BF4B-00C04F79EFBC}") = "IdentityService.Application", "IdentityService.Application\IdentityService.Application.csproj", "{707148D1-9461-45CC-87A8-E1FD53D6F749}"
EndProject
Project("{2150E333-8FDC-42A3-9474-1A3956D46DE8}") = "SolutionFolder", "SolutionFolder", "{ED00E393-BA26-45C8-B88B-37B8CAE06636}"
	ProjectSection(SolutionItems) = preProject
		.gitignore = .gitignore
	EndProjectSection
EndProject
Project("{FAE04EC0-301F-11D3-BF4B-00C04F79EFBC}") = "IdentityService.Infrastructure", "IdentityService.Infrastructure\IdentityService.Infrastructure.csproj", "{491BD75A-BDF3-4AAE-A640-0F49A1CA3B69}"
EndProject
Global
	GlobalSection(SolutionConfigurationPlatforms) = preSolution
		Debug|Any CPU = Debug|Any CPU
		Release|Any CPU = Release|Any CPU
	EndGlobalSection
	GlobalSection(ProjectConfigurationPlatforms) = postSolution
		{C392E625-8FCA-497C-9800-FAE660184EFC}.Debug|Any CPU.ActiveCfg = Debug|Any CPU
		{C392E625-8FCA-497C-9800-FAE660184EFC}.Debug|Any CPU.Build.0 = Debug|Any CPU
		{C392E625-8FCA-497C-9800-FAE660184EFC}.Release|Any CPU.ActiveCfg = Release|Any CPU
		{C392E625-8FCA-497C-9800-FAE660184EFC}.Release|Any CPU.Build.0 = Release|Any CPU
		{B84A8391-8BBD-478C-9832-CC5E02B512FD}.Debug|Any CPU.ActiveCfg = Debug|Any CPU
		{B84A8391-8BBD-478C-9832-CC5E02B512FD}.Debug|Any CPU.Build.0 = Debug|Any CPU
		{B84A8391-8BBD-478C-9832-CC5E02B512FD}.Release|Any CPU.ActiveCfg = Release|Any CPU
		{B84A8391-8BBD-478C-9832-CC5E02B512FD}.Release|Any CPU.Build.0 = Release|Any CPU
		{707148D1-9461-45CC-87A8-E1FD53D6F749}.Debug|Any CPU.ActiveCfg = Debug|Any CPU
		{707148D1-9461-45CC-87A8-E1FD53D6F749}.Debug|Any CPU.Build.0 = Debug|Any CPU
		{707148D1-9461-45CC-87A8-E1FD53D6F749}.Release|Any CPU.ActiveCfg = Release|Any CPU
		{707148D1-9461-45CC-87A8-E1FD53D6F749}.Release|Any CPU.Build.0 = Release|Any CPU
		{491BD75A-BDF3-4AAE-A640-0F49A1CA3B69}.Debug|Any CPU.ActiveCfg = Debug|Any CPU
		{491BD75A-BDF3-4AAE-A640-0F49A1CA3B69}.Debug|Any CPU.Build.0 = Debug|Any CPU
		{491BD75A-BDF3-4AAE-A640-0F49A1CA3B69}.Release|Any CPU.ActiveCfg = Release|Any CPU
		{491BD75A-BDF3-4AAE-A640-0F49A1CA3B69}.Release|Any CPU.Build.0 = Release|Any CPU
	EndGlobalSection
EndGlobal
